
Microsoft Visual Studio Solution File, Format Version 12.00
# Visual Studio Version 16
VisualStudioVersion = 16.0.35130.168
MinimumVisualStudioVersion = 10.0.40219.1
Project("{FAE04EC0-301F-11D3-BF4B-00C04F79EFBC}") = "ejercicioFigura", "ejercicioFigura\ejercicioFigura.csproj", "{6C62D939-4FC3-4F03-9BC9-7BFAF9DD93EB}"
EndProject
Global
	GlobalSection(SolutionConfigurationPlatforms) = preSolution
		Debug|Any CPU = Debug|Any CPU
		Release|Any CPU = Release|Any CPU
	EndGlobalSection
	GlobalSection(ProjectConfigurationPlatforms) = postSolution
		{6C62D939-4FC3-4F03-9BC9-7BFAF9DD93EB}.Debug|Any CPU.ActiveCfg = Debug|Any CPU
		{6C62D939-4FC3-4F03-9BC9-7BFAF9DD93EB}.Debug|Any CPU.Build.0 = Debug|Any CPU
		{6C62D939-4FC3-4F03-9BC9-7BFAF9DD93EB}.Release|Any CPU.ActiveCfg = Release|Any CPU
		{6C62D939-4FC3-4F03-9BC9-7BFAF9DD93EB}.Release|Any CPU.Build.0 = Release|Any CPU
	EndGlobalSection
	GlobalSection(SolutionProperties) = preSolution
		HideSolutionNode = FALSE
	EndGlobalSection
	GlobalSection(ExtensibilityGlobals) = postSolution
		SolutionGuid = {271C3F94-330A-49C3-A904-7CFBFD46122C}
	EndGlobalSection
EndGlobal
