
Microsoft Visual Studio Solution File, Format Version 12.00
# Visual Studio Version 17
VisualStudioVersion = 17.13.35919.96 d17.13
MinimumVisualStudioVersion = 10.0.40219.1
Project("{FAE04EC0-301F-11D3-BF4B-00C04F79EFBC}") = "ejercicioSanatorio", "ejercicioSanatorio\ejercicioSanatorio.csproj", "{D010398D-3FB4-4EF8-BFD0-E357BA27E940}"
EndProject
Global
	GlobalSection(SolutionConfigurationPlatforms) = preSolution
		Debug|Any CPU = Debug|Any CPU
		Release|Any CPU = Release|Any CPU
	EndGlobalSection
	GlobalSection(ProjectConfigurationPlatforms) = postSolution
		{D010398D-3FB4-4EF8-BFD0-E357BA27E940}.Debug|Any CPU.ActiveCfg = Debug|Any CPU
		{D010398D-3FB4-4EF8-BFD0-E357BA27E940}.Debug|Any CPU.Build.0 = Debug|Any CPU
		{D010398D-3FB4-4EF8-BFD0-E357BA27E940}.Release|Any CPU.ActiveCfg = Release|Any CPU
		{D010398D-3FB4-4EF8-BFD0-E357BA27E940}.Release|Any CPU.Build.0 = Release|Any CPU
	EndGlobalSection
	GlobalSection(SolutionProperties) = preSolution
		HideSolutionNode = FALSE
	EndGlobalSection
	GlobalSection(ExtensibilityGlobals) = postSolution
		SolutionGuid = {7AE61B0A-96D9-4998-94C8-A51BAE75658E}
	EndGlobalSection
EndGlobal
